// !$*UTF8*$!
{
	archiveVersion = 1;
	classes = {
	};
	objectVersion = 50;
	objects = {

/* Begin PBXBuildFile section */
		143C662F2280C9F700E6C0BA /* ChessFramework.framework in Frameworks */ = {isa = PBXBuildFile; fileRef = 143C66252280C9F700E6C0BA /* ChessFramework.framework */; };
		143C66342280C9F700E6C0BA /* ChessFrameworkTests.m in Sources */ = {isa = PBXBuildFile; fileRef = 143C66332280C9F700E6C0BA /* ChessFrameworkTests.m */; };
		143C66362280C9F700E6C0BA /* ChessFramework.h in Headers */ = {isa = PBXBuildFile; fileRef = 143C66282280C9F700E6C0BA /* ChessFramework.h */; settings = {ATTRIBUTES = (Public, ); }; };
/* End PBXBuildFile section */

/* Begin PBXContainerItemProxy section */
		143C66302280C9F700E6C0BA /* PBXContainerItemProxy */ = {
			isa = PBXContainerItemProxy;
			containerPortal = 143C661C2280C9F700E6C0BA /* Project object */;
			proxyType = 1;
			remoteGlobalIDString = 143C66242280C9F700E6C0BA;
			remoteInfo = ChessFramework;
		};
/* End PBXContainerItemProxy section */

/* Begin PBXFileReference section */
		143C66252280C9F700E6C0BA /* ChessFramework.framework */ = {isa = PBXFileReference; explicitFileType = wrapper.framework; includeInIndex = 0; path = ChessFramework.framework; sourceTree = BUILT_PRODUCTS_DIR; };
		143C66282280C9F700E6C0BA /* ChessFramework.h */ = {isa = PBXFileReference; lastKnownFileType = sourcecode.c.h; path = ChessFramework.h; sourceTree = "<group>"; };
		143C66292280C9F700E6C0BA /* Info.plist */ = {isa = PBXFileReference; lastKnownFileType = text.plist.xml; path = Info.plist; sourceTree = "<group>"; };
		143C662E2280C9F700E6C0BA /* ChessFrameworkTests.xctest */ = {isa = PBXFileReference; explicitFileType = wrapper.cfbundle; includeInIndex = 0; path = ChessFrameworkTests.xctest; sourceTree = BUILT_PRODUCTS_DIR; };
		143C66332280C9F700E6C0BA /* ChessFrameworkTests.m */ = {isa = PBXFileReference; lastKnownFileType = sourcecode.c.objc; path = ChessFrameworkTests.m; sourceTree = "<group>"; };
		143C66352280C9F700E6C0BA /* Info.plist */ = {isa = PBXFileReference; lastKnownFileType = text.plist.xml; path = Info.plist; sourceTree = "<group>"; };
/* End PBXFileReference section */

/* Begin PBXFrameworksBuildPhase section */
		143C66222280C9F700E6C0BA /* Frameworks */ = {
			isa = PBXFrameworksBuildPhase;
			buildActionMask = 2147483647;
			files = (
			);
			runOnlyForDeploymentPostprocessing = 0;
		};
		143C662B2280C9F700E6C0BA /* Frameworks */ = {
			isa = PBXFrameworksBuildPhase;
			buildActionMask = 2147483647;
			files = (
				143C662F2280C9F700E6C0BA /* ChessFramework.framework in Frameworks */,
			);
			runOnlyForDeploymentPostprocessing = 0;
		};
/* End PBXFrameworksBuildPhase section */

/* Begin PBXGroup section */
		143C661B2280C9F700E6C0BA = {
			isa = PBXGroup;
			children = (
				143C66272280C9F700E6C0BA /* ChessFramework */,
				143C66322280C9F700E6C0BA /* ChessFrameworkTests */,
				143C66262280C9F700E6C0BA /* Products */,
			);
			sourceTree = "<group>";
		};
		143C66262280C9F700E6C0BA /* Products */ = {
			isa = PBXGroup;
			children = (
				143C66252280C9F700E6C0BA /* ChessFramework.framework */,
				143C662E2280C9F700E6C0BA /* ChessFrameworkTests.xctest */,
			);
			name = Products;
			sourceTree = "<group>";
		};
		143C66272280C9F700E6C0BA /* ChessFramework */ = {
			isa = PBXGroup;
			children = (
				143C66282280C9F700E6C0BA /* ChessFramework.h */,
				143C66292280C9F700E6C0BA /* Info.plist */,
			);
			path = ChessFramework;
			sourceTree = "<group>";
		};
		143C66322280C9F700E6C0BA /* ChessFrameworkTests */ = {
			isa = PBXGroup;
			children = (
				143C66332280C9F700E6C0BA /* ChessFrameworkTests.m */,
				143C66352280C9F700E6C0BA /* Info.plist */,
			);
			path = ChessFrameworkTests;
			sourceTree = "<group>";
		};
/* End PBXGroup section */

/* Begin PBXHeadersBuildPhase section */
		143C66202280C9F700E6C0BA /* Headers */ = {
			isa = PBXHeadersBuildPhase;
			buildActionMask = 2147483647;
			files = (
				143C66362280C9F700E6C0BA /* ChessFramework.h in Headers */,
			);
			runOnlyForDeploymentPostprocessing = 0;
		};
/* End PBXHeadersBuildPhase section */

/* Begin PBXNativeTarget section */
		143C66242280C9F700E6C0BA /* ChessFramework */ = {
			isa = PBXNativeTarget;
			buildConfigurationList = 143C66392280C9F700E6C0BA /* Build configuration list for PBXNativeTarget "ChessFramework" */;
			buildPhases = (
				143C66202280C9F700E6C0BA /* Headers */,
				143C66212280C9F700E6C0BA /* Sources */,
				143C66222280C9F700E6C0BA /* Frameworks */,
				143C66232280C9F700E6C0BA /* Resources */,
			);
			buildRules = (
			);
			dependencies = (
			);
			name = ChessFramework;
			productName = ChessFramework;
			productReference = 143C66252280C9F700E6C0BA /* ChessFramework.framework */;
			productType = "com.apple.product-type.framework";
		};
		143C662D2280C9F700E6C0BA /* ChessFrameworkTests */ = {
			isa = PBXNativeTarget;
			buildConfigurationList = 143C663C2280C9F700E6C0BA /* Build configuration list for PBXNativeTarget "ChessFrameworkTests" */;
			buildPhases = (
				143C662A2280C9F700E6C0BA /* Sources */,
				143C662B2280C9F700E6C0BA /* Frameworks */,
				143C662C2280C9F700E6C0BA /* Resources */,
			);
			buildRules = (
			);
			dependencies = (
				143C66312280C9F700E6C0BA /* PBXTargetDependency */,
			);
			name = ChessFrameworkTests;
			productName = ChessFrameworkTests;
			productReference = 143C662E2280C9F700E6C0BA /* ChessFrameworkTests.xctest */;
			productType = "com.apple.product-type.bundle.unit-test";
		};
/* End PBXNativeTarget section */

/* Begin PBXProject section */
		143C661C2280C9F700E6C0BA /* Project object */ = {
			isa = PBXProject;
			attributes = {
				LastUpgradeCheck = 1020;
				ORGANIZATIONNAME = "Gregory John Casamento";
				TargetAttributes = {
					143C66242280C9F700E6C0BA = {
						CreatedOnToolsVersion = 10.2.1;
					};
					143C662D2280C9F700E6C0BA = {
						CreatedOnToolsVersion = 10.2.1;
					};
				};
			};
			buildConfigurationList = 143C661F2280C9F700E6C0BA /* Build configuration list for PBXProject "ChessFramework" */;
			compatibilityVersion = "Xcode 9.3";
			developmentRegion = en;
			hasScannedForEncodings = 0;
			knownRegions = (
				en,
			);
			mainGroup = 143C661B2280C9F700E6C0BA;
			productRefGroup = 143C66262280C9F700E6C0BA /* Products */;
			projectDirPath = "";
			projectRoot = "";
			targets = (
				143C66242280C9F700E6C0BA /* ChessFramework */,
				143C662D2280C9F700E6C0BA /* ChessFrameworkTests */,
			);
		};
/* End PBXProject section */

/* Begin PBXResourcesBuildPhase section */
		143C66232280C9F700E6C0BA /* Resources */ = {
			isa = PBXResourcesBuildPhase;
			buildActionMask = 2147483647;
			files = (
			);
			runOnlyForDeploymentPostprocessing = 0;
		};
		143C662C2280C9F700E6C0BA /* Resources */ = {
			isa = PBXResourcesBuildPhase;
			buildActionMask = 2147483647;
			files = (
			);
			runOnlyForDeploymentPostprocessing = 0;
		};
/* End PBXResourcesBuildPhase section */

/* Begin PBXSourcesBuildPhase section */
		143C66212280C9F700E6C0BA /* Sources */ = {
			isa = PBXSourcesBuildPhase;
			buildActionMask = 2147483647;
			files = (
			);
			runOnlyForDeploymentPostprocessing = 0;
		};
		143C662A2280C9F700E6C0BA /* Sources */ = {
			isa = PBXSourcesBuildPhase;
			buildActionMask = 2147483647;
			files = (
				143C66342280C9F700E6C0BA /* ChessFrameworkTests.m in Sources */,
			);
			runOnlyForDeploymentPostprocessing = 0;
		};
/* End PBXSourcesBuildPhase section */

/* Begin PBXTargetDependency section */
		143C66312280C9F700E6C0BA /* PBXTargetDependency */ = {
			isa = PBXTargetDependency;
			target = 143C66242280C9F700E6C0BA /* ChessFramework */;
			targetProxy = 143C66302280C9F700E6C0BA /* PBXContainerItemProxy */;
		};
/* End PBXTargetDependency section */

/* Begin XCBuildConfiguration section */
		143C66372280C9F700E6C0BA /* Debug */ = {
			isa = XCBuildConfiguration;
			buildSettings = {
				ALWAYS_SEARCH_USER_PATHS = NO;
				CLANG_ANALYZER_NONNULL = YES;
				CLANG_ANALYZER_NUMBER_OBJECT_CONVERSION = YES_AGGRESSIVE;
				CLANG_CXX_LANGUAGE_STANDARD = "gnu++14";
				CLANG_CXX_LIBRARY = "libc++";
				CLANG_ENABLE_MODULES = YES;
				CLANG_ENABLE_OBJC_ARC = YES;
				CLANG_ENABLE_OBJC_WEAK = YES;
				CLANG_WARN_BLOCK_CAPTURE_AUTORELEASING = YES;
				CLANG_WARN_BOOL_CONVERSION = YES;
				CLANG_WARN_COMMA = YES;
				CLANG_WARN_CONSTANT_CONVERSION = YES;
				CLANG_WARN_DEPRECATED_OBJC_IMPLEMENTATIONS = YES;
				CLANG_WARN_DIRECT_OBJC_ISA_USAGE = YES_ERROR;
				CLANG_WARN_DOCUMENTATION_COMMENTS = YES;
				CLANG_WARN_EMPTY_BODY = YES;
				CLANG_WARN_ENUM_CONVERSION = YES;
				CLANG_WARN_INFINITE_RECURSION = YES;
				CLANG_WARN_INT_CONVERSION = YES;
				CLANG_WARN_NON_LITERAL_NULL_CONVERSION = YES;
				CLANG_WARN_OBJC_IMPLICIT_RETAIN_SELF = YES;
				CLANG_WARN_OBJC_LITERAL_CONVERSION = YES;
				CLANG_WARN_OBJC_ROOT_CLASS = YES_ERROR;
				CLANG_WARN_RANGE_LOOP_ANALYSIS = YES;
				CLANG_WARN_STRICT_PROTOTYPES = YES;
				CLANG_WARN_SUSPICIOUS_MOVE = YES;
				CLANG_WARN_UNGUARDED_AVAILABILITY = YES_AGGRESSIVE;
				CLANG_WARN_UNREACHABLE_CODE = YES;
				CLANG_WARN__DUPLICATE_METHOD_MATCH = YES;
				CODE_SIGN_IDENTITY = "-";
				COPY_PHASE_STRIP = NO;
				CURRENT_PROJECT_VERSION = 1;
				DEBUG_INFORMATION_FORMAT = dwarf;
				ENABLE_STRICT_OBJC_MSGSEND = YES;
				ENABLE_TESTABILITY = YES;
				GCC_C_LANGUAGE_STANDARD = gnu11;
				GCC_DYNAMIC_NO_PIC = NO;
				GCC_NO_COMMON_BLOCKS = YES;
				GCC_OPTIMIZATION_LEVEL = 0;
				GCC_PREPROCESSOR_DEFINITIONS = (
					"DEBUG=1",
					"$(inherited)",
				);
				GCC_WARN_64_TO_32_BIT_CONVERSION = YES;
				GCC_WARN_ABOUT_RETURN_TYPE = YES_ERROR;
				GCC_WARN_UNDECLARED_SELECTOR = YES;
				GCC_WARN_UNINITIALIZED_AUTOS = YES_AGGRESSIVE;
				GCC_WARN_UNUSED_FUNCTION = YES;
				GCC_WARN_UNUSED_VARIABLE = YES;
				MACOSX_DEPLOYMENT_TARGET = 10.14;
				MTL_ENABLE_DEBUG_INFO = INCLUDE_SOURCE;
				MTL_FAST_MATH = YES;
				ONLY_ACTIVE_ARCH = YES;
				SDKROOT = macosx;
				VERSIONING_SYSTEM = "apple-generic";
				VERSION_INFO_PREFIX = "";
			};
			name = Debug;
		};
		143C66382280C9F700E6C0BA /* Release */ = {
			isa = XCBuildConfiguration;
			buildSettings = {
				ALWAYS_SEARCH_USER_PATHS = NO;
				CLANG_ANALYZER_NONNULL = YES;
				CLANG_ANALYZER_NUMBER_OBJECT_CONVERSION = YES_AGGRESSIVE;
				CLANG_CXX_LANGUAGE_STANDARD = "gnu++14";
				CLANG_CXX_LIBRARY = "libc++";
				CLANG_ENABLE_MODULES = YES;
				CLANG_ENABLE_OBJC_ARC = YES;
				CLANG_ENABLE_OBJC_WEAK = YES;
				CLANG_WARN_BLOCK_CAPTURE_AUTORELEASING = YES;
				CLANG_WARN_BOOL_CONVERSION = YES;
				CLANG_WARN_COMMA = YES;
				CLANG_WARN_CONSTANT_CONVERSION = YES;
				CLANG_WARN_DEPRECATED_OBJC_IMPLEMENTATIONS = YES;
				CLANG_WARN_DIRECT_OBJC_ISA_USAGE = YES_ERROR;
				CLANG_WARN_DOCUMENTATION_COMMENTS = YES;
				CLANG_WARN_EMPTY_BODY = YES;
				CLANG_WARN_ENUM_CONVERSION = YES;
				CLANG_WARN_INFINITE_RECURSION = YES;
				CLANG_WARN_INT_CONVERSION = YES;
				CLANG_WARN_NON_LITERAL_NULL_CONVERSION = YES;
				CLANG_WARN_OBJC_IMPLICIT_RETAIN_SELF = YES;
				CLANG_WARN_OBJC_LITERAL_CONVERSION = YES;
				CLANG_WARN_OBJC_ROOT_CLASS = YES_ERROR;
				CLANG_WARN_RANGE_LOOP_ANALYSIS = YES;
				CLANG_WARN_STRICT_PROTOTYPES = YES;
				CLANG_WARN_SUSPICIOUS_MOVE = YES;
				CLANG_WARN_UNGUARDED_AVAILABILITY = YES_AGGRESSIVE;
				CLANG_WARN_UNREACHABLE_CODE = YES;
				CLANG_WARN__DUPLICATE_METHOD_MATCH = YES;
				CODE_SIGN_IDENTITY = "-";
				COPY_PHASE_STRIP = NO;
				CURRENT_PROJECT_VERSION = 1;
				DEBUG_INFORMATION_FORMAT = "dwarf-with-dsym";
				ENABLE_NS_ASSERTIONS = NO;
				ENABLE_STRICT_OBJC_MSGSEND = YES;
				GCC_C_LANGUAGE_STANDARD = gnu11;
				GCC_NO_COMMON_BLOCKS = YES;
				GCC_WARN_64_TO_32_BIT_CONVERSION = YES;
				GCC_WARN_ABOUT_RETURN_TYPE = YES_ERROR;
				GCC_WARN_UNDECLARED_SELECTOR = YES;
				GCC_WARN_UNINITIALIZED_AUTOS = YES_AGGRESSIVE;
				GCC_WARN_UNUSED_FUNCTION = YES;
				GCC_WARN_UNUSED_VARIABLE = YES;
				MACOSX_DEPLOYMENT_TARGET = 10.14;
				MTL_ENABLE_DEBUG_INFO = NO;
				MTL_FAST_MATH = YES;
				SDKROOT = macosx;
				VERSIONING_SYSTEM = "apple-generic";
				VERSION_INFO_PREFIX = "";
			};
			name = Release;
		};
		143C663A2280C9F700E6C0BA /* Debug */ = {
			isa = XCBuildConfiguration;
			buildSettings = {
				CODE_SIGN_IDENTITY = "";
				CODE_SIGN_STYLE = Automatic;
				COMBINE_HIDPI_IMAGES = YES;
				DEFINES_MODULE = YES;
				DYLIB_COMPATIBILITY_VERSION = 1;
				DYLIB_CURRENT_VERSION = 1;
				DYLIB_INSTALL_NAME_BASE = "@rpath";
				FRAMEWORK_VERSION = A;
				INFOPLIST_FILE = ChessFramework/Info.plist;
				INSTALL_PATH = "$(LOCAL_LIBRARY_DIR)/Frameworks";
				LD_RUNPATH_SEARCH_PATHS = (
					"$(inherited)",
					"@executable_path/../Frameworks",
					"@loader_path/Frameworks",
				);
				PRODUCT_BUNDLE_IDENTIFIER = com.openlogic.ChessFramework;
				PRODUCT_NAME = "$(TARGET_NAME:c99extidentifier)";
				SKIP_INSTALL = YES;
			};
			name = Debug;
		};
		143C663B2280C9F700E6C0BA /* Release */ = {
			isa = XCBuildConfiguration;
			buildSettings = {
				CODE_SIGN_IDENTITY = "";
				CODE_SIGN_STYLE = Automatic;
				COMBINE_HIDPI_IMAGES = YES;
				DEFINES_MODULE = YES;
				DYLIB_COMPATIBILITY_VERSION = 1;
				DYLIB_CURRENT_VERSION = 1;
				DYLIB_INSTALL_NAME_BASE = "@rpath";
				FRAMEWORK_VERSION = A;
				INFOPLIST_FILE = ChessFramework/Info.plist;
				INSTALL_PATH = "$(LOCAL_LIBRARY_DIR)/Frameworks";
				LD_RUNPATH_SEARCH_PATHS = (
					"$(inherited)",
					"@executable_path/../Frameworks",
					"@loader_path/Frameworks",
				);
				PRODUCT_BUNDLE_IDENTIFIER = com.openlogic.ChessFramework;
				PRODUCT_NAME = "$(TARGET_NAME:c99extidentifier)";
				SKIP_INSTALL = YES;
			};
			name = Release;
		};
		143C663D2280C9F700E6C0BA /* Debug */ = {
			isa = XCBuildConfiguration;
			buildSettings = {
				CODE_SIGN_STYLE = Automatic;
				COMBINE_HIDPI_IMAGES = YES;
				INFOPLIST_FILE = ChessFrameworkTests/Info.plist;
				LD_RUNPATH_SEARCH_PATHS = (
					"$(inherited)",
					"@executable_path/../Frameworks",
					"@loader_path/../Frameworks",
				);
				PRODUCT_BUNDLE_IDENTIFIER = com.openlogic.ChessFrameworkTests;
				PRODUCT_NAME = "$(TARGET_NAME)";
			};
			name = Debug;
		};
		143C663E2280C9F700E6C0BA /* Release */ = {
			isa = XCBuildConfiguration;
			buildSettings = {
				CODE_SIGN_STYLE = Automatic;
				COMBINE_HIDPI_IMAGES = YES;
				INFOPLIST_FILE = ChessFrameworkTests/Info.plist;
				LD_RUNPATH_SEARCH_PATHS = (
					"$(inherited)",
					"@executable_path/../Frameworks",
					"@loader_path/../Frameworks",
				);
				PRODUCT_BUNDLE_IDENTIFIER = com.openlogic.ChessFrameworkTests;
				PRODUCT_NAME = "$(TARGET_NAME)";
			};
			name = Release;
		};
/* End XCBuildConfiguration section */

/* Begin XCConfigurationList section */
		143C661F2280C9F700E6C0BA /* Build configuration list for PBXProject "ChessFramework" */ = {
			isa = XCConfigurationList;
			buildConfigurations = (
				143C66372280C9F700E6C0BA /* Debug */,
				143C66382280C9F700E6C0BA /* Release */,
			);
			defaultConfigurationIsVisible = 0;
			defaultConfigurationName = Release;
		};
		143C66392280C9F700E6C0BA /* Build configuration list for PBXNativeTarget "ChessFramework" */ = {
			isa = XCConfigurationList;
			buildConfigurations = (
				143C663A2280C9F700E6C0BA /* Debug */,
				143C663B2280C9F700E6C0BA /* Release */,
			);
			defaultConfigurationIsVisible = 0;
			defaultConfigurationName = Release;
		};
		143C663C2280C9F700E6C0BA /* Build configuration list for PBXNativeTarget "ChessFrameworkTests" */ = {
			isa = XCConfigurationList;
			buildConfigurations = (
				143C663D2280C9F700E6C0BA /* Debug */,
				143C663E2280C9F700E6C0BA /* Release */,
			);
			defaultConfigurationIsVisible = 0;
			defaultConfigurationName = Release;
		};
/* End XCConfigurationList section */
	};
	rootObject = 143C661C2280C9F700E6C0BA /* Project object */;
}
